
Microsoft Visual Studio Solution File, Format Version 12.00
# Visual Studio Version 17
VisualStudioVersion = 17.2.32630.192
MinimumVisualStudioVersion = 10.0.40219.1
Project("{FAE04EC0-301F-11D3-BF4B-00C04F79EFBC}") = "loppChallenge", "loppChallenge.csproj", "{5FE2C83F-BA2F-4827-9454-AC5856A8ADCA}"
EndProject
Global
	GlobalSection(SolutionConfigurationPlatforms) = preSolution
		Debug|Any CPU = Debug|Any CPU
		Release|Any CPU = Release|Any CPU
	EndGlobalSection
	GlobalSection(ProjectConfigurationPlatforms) = postSolution
		{5FE2C83F-BA2F-4827-9454-AC5856A8ADCA}.Debug|Any CPU.ActiveCfg = Debug|Any CPU
		{5FE2C83F-BA2F-4827-9454-AC5856A8ADCA}.Debug|Any CPU.Build.0 = Debug|Any CPU
		{5FE2C83F-BA2F-4827-9454-AC5856A8ADCA}.Release|Any CPU.ActiveCfg = Release|Any CPU
		{5FE2C83F-BA2F-4827-9454-AC5856A8ADCA}.Release|Any CPU.Build.0 = Release|Any CPU
	EndGlobalSection
	GlobalSection(SolutionProperties) = preSolution
		HideSolutionNode = FALSE
	EndGlobalSection
	GlobalSection(ExtensibilityGlobals) = postSolution
		SolutionGuid = {23E283FB-EF66-4EEF-BA7D-2725BBD6985D}
	EndGlobalSection
EndGlobal
